
Microsoft Visual Studio Solution File, Format Version 12.00
# Visual Studio Version 17
VisualStudioVersion = 17.5.002.0
MinimumVisualStudioVersion = 10.0.40219.1
Project("{9A19103F-16F7-4668-BE54-9A1E7A4F7556}") = "dotnet_demo", "dotnet_demo.csproj", "{C4E6853E-17EE-42BF-8A26-9BCA22A3A187}"
EndProject
Global
	GlobalSection(SolutionConfigurationPlatforms) = preSolution
		Debug|Any CPU = Debug|Any CPU
		Release|Any CPU = Release|Any CPU
	EndGlobalSection
	GlobalSection(ProjectConfigurationPlatforms) = postSolution
		{C4E6853E-17EE-42BF-8A26-9BCA22A3A187}.Debug|Any CPU.ActiveCfg = Debug|Any CPU
		{C4E6853E-17EE-42BF-8A26-9BCA22A3A187}.Debug|Any CPU.Build.0 = Debug|Any CPU
		{C4E6853E-17EE-42BF-8A26-9BCA22A3A187}.Release|Any CPU.ActiveCfg = Release|Any CPU
		{C4E6853E-17EE-42BF-8A26-9BCA22A3A187}.Release|Any CPU.Build.0 = Release|Any CPU
	EndGlobalSection
	GlobalSection(SolutionProperties) = preSolution
		HideSolutionNode = FALSE
	EndGlobalSection
	GlobalSection(ExtensibilityGlobals) = postSolution
		SolutionGuid = {924D7734-DEA0-42F8-A370-123B460F3668}
	EndGlobalSection
EndGlobal
